<?xml version="1.0" encoding="utf-8"?>
<Project ToolsVersion="4.0" xmlns="http://schemas.microsoft.com/developer/msbuild/2003">
  <ItemGroup>
    <Filter Include="Source Files">
      <UniqueIdentifier>{4FC737F1-C7A5-4376-A066-2A32D752A2FF}</UniqueIdentifier>
      <Extensions>cpp;c;cc;cxx;c++;def;odl;idl;hpj;bat;asm;asmx</Extensions>
    </Filter>
    <Filter Include="Header Files">
      <UniqueIdentifier>{93995380-89BD-4b04-88EB-625FBE52EBFB}</UniqueIdentifier>
      <Extensions>h;hh;hpp;hxx;h++;hm;inl;inc;ipp;xsd</Extensions>
    </Filter>
    <Filter Include="Resource Files">
      <UniqueIdentifier>{67DA6AB6-F800-4c08-8B7A-83BB121AAD01}</UniqueIdentifier>
      <Extensions>rc;ico;cur;bmp;dlg;rc2;rct;bin;rgs;gif;jpg;jpeg;jpe;resx;tiff;tif;png;wav;mfcribbon-ms</Extensions>
    </Filter>
    <Filter Include="Source Files\Shaders">
      <UniqueIdentifier>{d6002eda-27a9-444d-9e68-e48cd10c3b30}</UniqueIdentifier>
    </Filter>
    <Filter Include="Source Files\Meshes">
      <UniqueIdentifier>{1b005e4d-c952-4776-b50d-08fb6bebfe73}</UniqueIdentifier>
    </Filter>
    <Filter Include="Source Files\EngineSystems">
      <UniqueIdentifier>{5bb64767-629f-4c59-91e3-e8a1f3f287f3}</UniqueIdentifier>
    </Filter>
    <Filter Include="Header Files\EngineSystems">
      <UniqueIdentifier>{c0d2ce27-d6a2-431e-b11b-ce3caffff553}</UniqueIdentifier>
    </Filter>
    <Filter Include="Header Files\Meshes">
      <UniqueIdentifier>{9f9cfba6-0a6e-4bb5-b9a9-c55b7d7daac7}</UniqueIdentifier>
    </Filter>
    <Filter Include="Header Files\Shaders">
      <UniqueIdentifier>{d39a31a6-49d9-40ee-9af8-f3fc3f4b8b15}</UniqueIdentifier>
    </Filter>
    <Filter Include="Source Files\Objects">
      <UniqueIdentifier>{38988a51-318e-4eb4-be8d-147d7b8943a9}</UniqueIdentifier>
    </Filter>
    <Filter Include="Header Files\Objects">
      <UniqueIdentifier>{ca9471a6-0200-4aee-b665-e63538928d28}</UniqueIdentifier>
    </Filter>
    <Filter Include="Header Files\Forward">
      <UniqueIdentifier>{4fac2c24-a2a7-4efe-ae13-30f2155f34ed}</UniqueIdentifier>
    </Filter>
  </ItemGroup>
  <ItemGroup>
    <ClCompile Include="Aether.cpp">
      <Filter>Source Files</Filter>
    </ClCompile>
    <ClCompile Include="Window.cpp">
      <Filter>Source Files</Filter>
    </ClCompile>
    <ClCompile Include="Camera.cpp">
      <Filter>Source Files</Filter>
    </ClCompile>
    <ClCompile Include="Shader.cpp">
      <Filter>Source Files\Shaders</Filter>
    </ClCompile>
    <ClCompile Include="Material.cpp">
      <Filter>Source Files\Shaders</Filter>
    </ClCompile>
    <ClCompile Include="UnlitShader.cpp">
      <Filter>Source Files\Shaders</Filter>
    </ClCompile>
    <ClCompile Include="LambertShader.cpp">
      <Filter>Source Files\Shaders</Filter>
    </ClCompile>
    <ClCompile Include="AssetImporter.cpp">
      <Filter>Source Files\Meshes</Filter>
    </ClCompile>
    <ClCompile Include="Mesh.cpp">
      <Filter>Source Files\Meshes</Filter>
    </ClCompile>
    <ClCompile Include="Entity.cpp">
      <Filter>Source Files\Objects</Filter>
    </ClCompile>
    <ClCompile Include="Transform.cpp">
      <Filter>Source Files\Objects</Filter>
    </ClCompile>
    <ClCompile Include="Events.cpp">
      <Filter>Source Files\EngineSystems</Filter>
    </ClCompile>
    <ClCompile Include="Logic.cpp">
      <Filter>Source Files\EngineSystems</Filter>
    </ClCompile>
    <ClCompile Include="Blinn.cpp">
      <Filter>Source Files\Shaders</Filter>
    </ClCompile>
    <ClCompile Include="MultiLighting.cpp">
      <Filter>Source Files\Shaders</Filter>
    </ClCompile>
  </ItemGroup>
  <ItemGroup>
    <ClInclude Include="Window.h">
      <Filter>Header Files</Filter>
    </ClInclude>
    <ClInclude Include="Camera.h">
      <Filter>Header Files</Filter>
    </ClInclude>
    <ClInclude Include="Events.h">
      <Filter>Header Files\EngineSystems</Filter>
    </ClInclude>
    <ClInclude Include="Logic.h">
      <Filter>Header Files\EngineSystems</Filter>
    </ClInclude>
    <ClInclude Include="Mesh.h">
      <Filter>Header Files\Meshes</Filter>
    </ClInclude>
    <ClInclude Include="AssetImporter.h">
      <Filter>Header Files\Meshes</Filter>
    </ClInclude>
    <ClInclude Include="Entity.h">
      <Filter>Header Files\Objects</Filter>
    </ClInclude>
    <ClInclude Include="Transform.h">
      <Filter>Header Files\Objects</Filter>
    </ClInclude>
    <ClInclude Include="LambertShader.h">
      <Filter>Header Files\Shaders</Filter>
    </ClInclude>
    <ClInclude Include="Material.h">
      <Filter>Header Files\Shaders</Filter>
    </ClInclude>
    <ClInclude Include="Shader.h">
      <Filter>Header Files\Shaders</Filter>
    </ClInclude>
    <ClInclude Include="UnlitShader.h">
      <Filter>Header Files\Shaders</Filter>
    </ClInclude>
    <ClInclude Include="Blinn.h">
      <Filter>Header Files\Shaders</Filter>
    </ClInclude>
    <ClInclude Include="MultiLighting.h">
      <Filter>Header Files\Shaders</Filter>
    </ClInclude>
    <ClInclude Include="Mesh.fwd.h">
      <Filter>Header Files\Forward</Filter>
    </ClInclude>
    <ClInclude Include="Shaders.fwd.h">
      <Filter>Header Files\Forward</Filter>
    </ClInclude>
  </ItemGroup>
  <ItemGroup>
    <None Include="Entity.fwd.h">
      <Filter>Header Files\Forward</Filter>
    </None>
  </ItemGroup>
</Project>